
Microsoft Visual Studio Solution File, Format Version 12.00
# Visual Studio Version 16
VisualStudioVersion = 16.0.32002.261
MinimumVisualStudioVersion = 10.0.40219.1
Project("{2150E333-8FDC-42A3-9474-1A3956D46DE8}") = "Server", "Server", "{EFDDD624-5066-463A-AECA-D457970C736A}"
EndProject
Project("{2150E333-8FDC-42A3-9474-1A3956D46DE8}") = "Service", "Service", "{4E1E1DE9-733B-4DAD-B1F4-51EDB4F481D9}"
EndProject
Project("{2150E333-8FDC-42A3-9474-1A3956D46DE8}") = "Common", "Common", "{7FC11F11-A9A5-431A-B4BF-EA2074713CD9}"
EndProject
Project("{2150E333-8FDC-42A3-9474-1A3956D46DE8}") = "DAL", "DAL", "{0571D9C2-CB33-4253-8DBD-2F553A828B72}"
EndProject
Project("{2150E333-8FDC-42A3-9474-1A3956D46DE8}") = "Start", "Start", "{AE9EB95E-B294-4EA4-BDDC-A7D11FA28D87}"
EndProject
Project("{9A19103F-16F7-4668-BE54-9A1E7A4F7556}") = "Start", "Start\Start.csproj", "{80F07FC9-A8D5-4CEC-918E-892225403737}"
EndProject
Project("{9A19103F-16F7-4668-BE54-9A1E7A4F7556}") = "EFCore", "EFCore\EFCore.csproj", "{ABAB4A0A-9895-4CA5-9CB1-FD7963E7378D}"
EndProject
Project("{9A19103F-16F7-4668-BE54-9A1E7A4F7556}") = "IEFContext", "IEFContext\IEFContext.csproj", "{032381DD-8728-4706-B1C7-D69FA1721650}"
EndProject
Project("{9A19103F-16F7-4668-BE54-9A1E7A4F7556}") = "EFContext", "EFContext\EFContext.csproj", "{0D350A56-693C-427B-A8C1-BEAAD6258C62}"
EndProject
Project("{9A19103F-16F7-4668-BE54-9A1E7A4F7556}") = "IConfiguration", "IConfiguration\IConfiguration.csproj", "{05698D4B-FB8E-4D6C-B81C-896F42E41FEB}"
EndProject
Project("{9A19103F-16F7-4668-BE54-9A1E7A4F7556}") = "Configuration", "Configuration\Configuration.csproj", "{D5380501-E87D-4526-BA73-0FDCEC9D945B}"
EndProject
Project("{9A19103F-16F7-4668-BE54-9A1E7A4F7556}") = "IService", "IService\IService.csproj", "{D70432B8-9C6F-4B6E-8018-D414A3A12E69}"
EndProject
Project("{9A19103F-16F7-4668-BE54-9A1E7A4F7556}") = "Service", "Service\Service.csproj", "{CEE66EAF-0AB9-49BE-A56E-4C953ACE77F1}"
EndProject
Project("{FAE04EC0-301F-11D3-BF4B-00C04F79EFBC}") = "Models", "Models\Models.csproj", "{B17DD9BD-3B92-431C-BE40-5443501629F6}"
EndProject
Global
	GlobalSection(SolutionConfigurationPlatforms) = preSolution
		Debug|Any CPU = Debug|Any CPU
		Release|Any CPU = Release|Any CPU
	EndGlobalSection
	GlobalSection(ProjectConfigurationPlatforms) = postSolution
		{80F07FC9-A8D5-4CEC-918E-892225403737}.Debug|Any CPU.ActiveCfg = Debug|Any CPU
		{80F07FC9-A8D5-4CEC-918E-892225403737}.Debug|Any CPU.Build.0 = Debug|Any CPU
		{80F07FC9-A8D5-4CEC-918E-892225403737}.Release|Any CPU.ActiveCfg = Release|Any CPU
		{80F07FC9-A8D5-4CEC-918E-892225403737}.Release|Any CPU.Build.0 = Release|Any CPU
		{ABAB4A0A-9895-4CA5-9CB1-FD7963E7378D}.Debug|Any CPU.ActiveCfg = Debug|Any CPU
		{ABAB4A0A-9895-4CA5-9CB1-FD7963E7378D}.Debug|Any CPU.Build.0 = Debug|Any CPU
		{ABAB4A0A-9895-4CA5-9CB1-FD7963E7378D}.Release|Any CPU.ActiveCfg = Release|Any CPU
		{ABAB4A0A-9895-4CA5-9CB1-FD7963E7378D}.Release|Any CPU.Build.0 = Release|Any CPU
		{032381DD-8728-4706-B1C7-D69FA1721650}.Debug|Any CPU.ActiveCfg = Debug|Any CPU
		{032381DD-8728-4706-B1C7-D69FA1721650}.Debug|Any CPU.Build.0 = Debug|Any CPU
		{032381DD-8728-4706-B1C7-D69FA1721650}.Release|Any CPU.ActiveCfg = Release|Any CPU
		{032381DD-8728-4706-B1C7-D69FA1721650}.Release|Any CPU.Build.0 = Release|Any CPU
		{0D350A56-693C-427B-A8C1-BEAAD6258C62}.Debug|Any CPU.ActiveCfg = Debug|Any CPU
		{0D350A56-693C-427B-A8C1-BEAAD6258C62}.Debug|Any CPU.Build.0 = Debug|Any CPU
		{0D350A56-693C-427B-A8C1-BEAAD6258C62}.Release|Any CPU.ActiveCfg = Release|Any CPU
		{0D350A56-693C-427B-A8C1-BEAAD6258C62}.Release|Any CPU.Build.0 = Release|Any CPU
		{05698D4B-FB8E-4D6C-B81C-896F42E41FEB}.Debug|Any CPU.ActiveCfg = Debug|Any CPU
		{05698D4B-FB8E-4D6C-B81C-896F42E41FEB}.Debug|Any CPU.Build.0 = Debug|Any CPU
		{05698D4B-FB8E-4D6C-B81C-896F42E41FEB}.Release|Any CPU.ActiveCfg = Release|Any CPU
		{05698D4B-FB8E-4D6C-B81C-896F42E41FEB}.Release|Any CPU.Build.0 = Release|Any CPU
		{D5380501-E87D-4526-BA73-0FDCEC9D945B}.Debug|Any CPU.ActiveCfg = Debug|Any CPU
		{D5380501-E87D-4526-BA73-0FDCEC9D945B}.Debug|Any CPU.Build.0 = Debug|Any CPU
		{D5380501-E87D-4526-BA73-0FDCEC9D945B}.Release|Any CPU.ActiveCfg = Release|Any CPU
		{D5380501-E87D-4526-BA73-0FDCEC9D945B}.Release|Any CPU.Build.0 = Release|Any CPU
		{D70432B8-9C6F-4B6E-8018-D414A3A12E69}.Debug|Any CPU.ActiveCfg = Debug|Any CPU
		{D70432B8-9C6F-4B6E-8018-D414A3A12E69}.Debug|Any CPU.Build.0 = Debug|Any CPU
		{D70432B8-9C6F-4B6E-8018-D414A3A12E69}.Release|Any CPU.ActiveCfg = Release|Any CPU
		{D70432B8-9C6F-4B6E-8018-D414A3A12E69}.Release|Any CPU.Build.0 = Release|Any CPU
		{CEE66EAF-0AB9-49BE-A56E-4C953ACE77F1}.Debug|Any CPU.ActiveCfg = Debug|Any CPU
		{CEE66EAF-0AB9-49BE-A56E-4C953ACE77F1}.Debug|Any CPU.Build.0 = Debug|Any CPU
		{CEE66EAF-0AB9-49BE-A56E-4C953ACE77F1}.Release|Any CPU.ActiveCfg = Release|Any CPU
		{CEE66EAF-0AB9-49BE-A56E-4C953ACE77F1}.Release|Any CPU.Build.0 = Release|Any CPU
		{B17DD9BD-3B92-431C-BE40-5443501629F6}.Debug|Any CPU.ActiveCfg = Debug|Any CPU
		{B17DD9BD-3B92-431C-BE40-5443501629F6}.Debug|Any CPU.Build.0 = Debug|Any CPU
		{B17DD9BD-3B92-431C-BE40-5443501629F6}.Release|Any CPU.ActiveCfg = Release|Any CPU
		{B17DD9BD-3B92-431C-BE40-5443501629F6}.Release|Any CPU.Build.0 = Release|Any CPU
	EndGlobalSection
	GlobalSection(SolutionProperties) = preSolution
		HideSolutionNode = FALSE
	EndGlobalSection
	GlobalSection(NestedProjects) = preSolution
		{4E1E1DE9-733B-4DAD-B1F4-51EDB4F481D9} = {EFDDD624-5066-463A-AECA-D457970C736A}
		{7FC11F11-A9A5-431A-B4BF-EA2074713CD9} = {EFDDD624-5066-463A-AECA-D457970C736A}
		{0571D9C2-CB33-4253-8DBD-2F553A828B72} = {EFDDD624-5066-463A-AECA-D457970C736A}
		{AE9EB95E-B294-4EA4-BDDC-A7D11FA28D87} = {EFDDD624-5066-463A-AECA-D457970C736A}
		{80F07FC9-A8D5-4CEC-918E-892225403737} = {AE9EB95E-B294-4EA4-BDDC-A7D11FA28D87}
		{ABAB4A0A-9895-4CA5-9CB1-FD7963E7378D} = {0571D9C2-CB33-4253-8DBD-2F553A828B72}
		{032381DD-8728-4706-B1C7-D69FA1721650} = {0571D9C2-CB33-4253-8DBD-2F553A828B72}
		{0D350A56-693C-427B-A8C1-BEAAD6258C62} = {0571D9C2-CB33-4253-8DBD-2F553A828B72}
		{05698D4B-FB8E-4D6C-B81C-896F42E41FEB} = {7FC11F11-A9A5-431A-B4BF-EA2074713CD9}
		{D5380501-E87D-4526-BA73-0FDCEC9D945B} = {7FC11F11-A9A5-431A-B4BF-EA2074713CD9}
		{D70432B8-9C6F-4B6E-8018-D414A3A12E69} = {4E1E1DE9-733B-4DAD-B1F4-51EDB4F481D9}
		{CEE66EAF-0AB9-49BE-A56E-4C953ACE77F1} = {4E1E1DE9-733B-4DAD-B1F4-51EDB4F481D9}
		{B17DD9BD-3B92-431C-BE40-5443501629F6} = {7FC11F11-A9A5-431A-B4BF-EA2074713CD9}
	EndGlobalSection
	GlobalSection(ExtensibilityGlobals) = postSolution
		SolutionGuid = {7DB5688D-CF4D-4DA0-954B-A18F50C89E90}
	EndGlobalSection
EndGlobal
